// !$*UTF8*$!
{
	archiveVersion = 1;
	classes = {
	};
	objectVersion = 46;
	objects = {

/* Begin PBXBuildFile section */
		1124426A191C43930038A204 /* Foundation.framework in Frameworks */ = {isa = PBXBuildFile; fileRef = 11244269191C43930038A204 /* Foundation.framework */; };
		1124426C191C43930038A204 /* CoreGraphics.framework in Frameworks */ = {isa = PBXBuildFile; fileRef = 1124426B191C43930038A204 /* CoreGraphics.framework */; };
		1124426E191C43930038A204 /* UIKit.framework in Frameworks */ = {isa = PBXBuildFile; fileRef = 1124426D191C43930038A204 /* UIKit.framework */; };
		11244274191C43930038A204 /* InfoPlist.strings in Resources */ = {isa = PBXBuildFile; fileRef = 11244272191C43930038A204 /* InfoPlist.strings */; };
		11244276191C43930038A204 /* main.m in Sources */ = {isa = PBXBuildFile; fileRef = 11244275191C43930038A204 /* main.m */; };
		1124427A191C43930038A204 /* DDMAppDelegate.m in Sources */ = {isa = PBXBuildFile; fileRef = 11244279191C43930038A204 /* DDMAppDelegate.m */; };
		1124427D191C43930038A204 /* Main.storyboard in Resources */ = {isa = PBXBuildFile; fileRef = 1124427B191C43930038A204 /* Main.storyboard */; };
		11244280191C43930038A204 /* DDMViewController.m in Sources */ = {isa = PBXBuildFile; fileRef = 1124427F191C43930038A204 /* DDMViewController.m */; };
		11244282191C43930038A204 /* Images.xcassets in Resources */ = {isa = PBXBuildFile; fileRef = 11244281191C43930038A204 /* Images.xcassets */; };
		11244289191C43930038A204 /* XCTest.framework in Frameworks */ = {isa = PBXBuildFile; fileRef = 11244288191C43930038A204 /* XCTest.framework */; };
		1124428A191C43930038A204 /* Foundation.framework in Frameworks */ = {isa = PBXBuildFile; fileRef = 11244269191C43930038A204 /* Foundation.framework */; };
		1124428B191C43930038A204 /* UIKit.framework in Frameworks */ = {isa = PBXBuildFile; fileRef = 1124426D191C43930038A204 /* UIKit.framework */; };
		11244293191C43930038A204 /* InfoPlist.strings in Resources */ = {isa = PBXBuildFile; fileRef = 11244291191C43930038A204 /* InfoPlist.strings */; };
		11244295191C43930038A204 /* TravisTestTests.m in Sources */ = {isa = PBXBuildFile; fileRef = 11244294191C43930038A204 /* TravisTestTests.m */; };
/* End PBXBuildFile section */

/* Begin PBXContainerItemProxy section */
		1124428C191C43930038A204 /* PBXContainerItemProxy */ = {
			isa = PBXContainerItemProxy;
			containerPortal = 1124425E191C43930038A204 /* Project object */;
			proxyType = 1;
			remoteGlobalIDString = 11244265191C43930038A204;
			remoteInfo = TravisTest;
		};
/* End PBXContainerItemProxy section */

/* Begin PBXFileReference section */
		11244266191C43930038A204 /* TravisTest.app */ = {isa = PBXFileReference; explicitFileType = wrapper.application; includeInIndex = 0; path = TravisTest.app; sourceTree = BUILT_PRODUCTS_DIR; };
		11244269191C43930038A204 /* Foundation.framework */ = {isa = PBXFileReference; lastKnownFileType = wrapper.framework; name = Foundation.framework; path = System/Library/Frameworks/Foundation.framework; sourceTree = SDKROOT; };
		1124426B191C43930038A204 /* CoreGraphics.framework */ = {isa = PBXFileReference; lastKnownFileType = wrapper.framework; name = CoreGraphics.framework; path = System/Library/Frameworks/CoreGraphics.framework; sourceTree = SDKROOT; };
		1124426D191C43930038A204 /* UIKit.framework */ = {isa = PBXFileReference; lastKnownFileType = wrapper.framework; name = UIKit.framework; path = System/Library/Frameworks/UIKit.framework; sourceTree = SDKROOT; };
		11244271191C43930038A204 /* TravisTest-Info.plist */ = {isa = PBXFileReference; lastKnownFileType = text.plist.xml; path = "TravisTest-Info.plist"; sourceTree = "<group>"; };
		11244273191C43930038A204 /* en */ = {isa = PBXFileReference; lastKnownFileType = text.plist.strings; name = en; path = en.lproj/InfoPlist.strings; sourceTree = "<group>"; };
		11244275191C43930038A204 /* main.m */ = {isa = PBXFileReference; lastKnownFileType = sourcecode.c.objc; path = main.m; sourceTree = "<group>"; };
		11244277191C43930038A204 /* TravisTest-Prefix.pch */ = {isa = PBXFileReference; lastKnownFileType = sourcecode.c.h; path = "TravisTest-Prefix.pch"; sourceTree = "<group>"; };
		11244278191C43930038A204 /* DDMAppDelegate.h */ = {isa = PBXFileReference; lastKnownFileType = sourcecode.c.h; path = DDMAppDelegate.h; sourceTree = "<group>"; };
		11244279191C43930038A204 /* DDMAppDelegate.m */ = {isa = PBXFileReference; lastKnownFileType = sourcecode.c.objc; path = DDMAppDelegate.m; sourceTree = "<group>"; };
		1124427C191C43930038A204 /* Base */ = {isa = PBXFileReference; lastKnownFileType = file.storyboard; name = Base; path = Base.lproj/Main.storyboard; sourceTree = "<group>"; };
		1124427E191C43930038A204 /* DDMViewController.h */ = {isa = PBXFileReference; lastKnownFileType = sourcecode.c.h; path = DDMViewController.h; sourceTree = "<group>"; };
		1124427F191C43930038A204 /* DDMViewController.m */ = {isa = PBXFileReference; lastKnownFileType = sourcecode.c.objc; path = DDMViewController.m; sourceTree = "<group>"; };
		11244281191C43930038A204 /* Images.xcassets */ = {isa = PBXFileReference; lastKnownFileType = folder.assetcatalog; path = Images.xcassets; sourceTree = "<group>"; };
		11244287191C43930038A204 /* TravisTestTests.xctest */ = {isa = PBXFileReference; explicitFileType = wrapper.cfbundle; includeInIndex = 0; path = TravisTestTests.xctest; sourceTree = BUILT_PRODUCTS_DIR; };
		11244288191C43930038A204 /* XCTest.framework */ = {isa = PBXFileReference; lastKnownFileType = wrapper.framework; name = XCTest.framework; path = Library/Frameworks/XCTest.framework; sourceTree = DEVELOPER_DIR; };
		11244290191C43930038A204 /* TravisTestTests-Info.plist */ = {isa = PBXFileReference; lastKnownFileType = text.plist.xml; path = "TravisTestTests-Info.plist"; sourceTree = "<group>"; };
		11244292191C43930038A204 /* en */ = {isa = PBXFileReference; lastKnownFileType = text.plist.strings; name = en; path = en.lproj/InfoPlist.strings; sourceTree = "<group>"; };
		11244294191C43930038A204 /* TravisTestTests.m */ = {isa = PBXFileReference; lastKnownFileType = sourcecode.c.objc; path = TravisTestTests.m; sourceTree = "<group>"; };
/* End PBXFileReference section */

/* Begin PBXFrameworksBuildPhase section */
		11244263191C43930038A204 /* Frameworks */ = {
			isa = PBXFrameworksBuildPhase;
			buildActionMask = 2147483647;
			files = (
				1124426C191C43930038A204 /* CoreGraphics.framework in Frameworks */,
				1124426E191C43930038A204 /* UIKit.framework in Frameworks */,
				1124426A191C43930038A204 /* Foundation.framework in Frameworks */,
			);
			runOnlyForDeploymentPostprocessing = 0;
		};
		11244284191C43930038A204 /* Frameworks */ = {
			isa = PBXFrameworksBuildPhase;
			buildActionMask = 2147483647;
			files = (
				11244289191C43930038A204 /* XCTest.framework in Frameworks */,
				1124428B191C43930038A204 /* UIKit.framework in Frameworks */,
				1124428A191C43930038A204 /* Foundation.framework in Frameworks */,
			);
			runOnlyForDeploymentPostprocessing = 0;
		};
/* End PBXFrameworksBuildPhase section */

/* Begin PBXGroup section */
		1124425D191C43930038A204 = {
			isa = PBXGroup;
			children = (
				1124426F191C43930038A204 /* TravisTest */,
				1124428E191C43930038A204 /* TravisTestTests */,
				11244268191C43930038A204 /* Frameworks */,
				11244267191C43930038A204 /* Products */,
			);
			sourceTree = "<group>";
		};
		11244267191C43930038A204 /* Products */ = {
			isa = PBXGroup;
			children = (
				11244266191C43930038A204 /* TravisTest.app */,
				11244287191C43930038A204 /* TravisTestTests.xctest */,
			);
			name = Products;
			sourceTree = "<group>";
		};
		11244268191C43930038A204 /* Frameworks */ = {
			isa = PBXGroup;
			children = (
				11244269191C43930038A204 /* Foundation.framework */,
				1124426B191C43930038A204 /* CoreGraphics.framework */,
				1124426D191C43930038A204 /* UIKit.framework */,
				11244288191C43930038A204 /* XCTest.framework */,
			);
			name = Frameworks;
			sourceTree = "<group>";
		};
		1124426F191C43930038A204 /* TravisTest */ = {
			isa = PBXGroup;
			children = (
				11244278191C43930038A204 /* DDMAppDelegate.h */,
				11244279191C43930038A204 /* DDMAppDelegate.m */,
				1124427B191C43930038A204 /* Main.storyboard */,
				1124427E191C43930038A204 /* DDMViewController.h */,
				1124427F191C43930038A204 /* DDMViewController.m */,
				11244281191C43930038A204 /* Images.xcassets */,
				11244270191C43930038A204 /* Supporting Files */,
			);
			path = TravisTest;
			sourceTree = "<group>";
		};
		11244270191C43930038A204 /* Supporting Files */ = {
			isa = PBXGroup;
			children = (
				11244271191C43930038A204 /* TravisTest-Info.plist */,
				11244272191C43930038A204 /* InfoPlist.strings */,
				11244275191C43930038A204 /* main.m */,
				11244277191C43930038A204 /* TravisTest-Prefix.pch */,
			);
			name = "Supporting Files";
			sourceTree = "<group>";
		};
		1124428E191C43930038A204 /* TravisTestTests */ = {
			isa = PBXGroup;
			children = (
				11244294191C43930038A204 /* TravisTestTests.m */,
				1124428F191C43930038A204 /* Supporting Files */,
			);
			path = TravisTestTests;
			sourceTree = "<group>";
		};
		1124428F191C43930038A204 /* Supporting Files */ = {
			isa = PBXGroup;
			children = (
				11244290191C43930038A204 /* TravisTestTests-Info.plist */,
				11244291191C43930038A204 /* InfoPlist.strings */,
			);
			name = "Supporting Files";
			sourceTree = "<group>";
		};
/* End PBXGroup section */

/* Begin PBXNativeTarget section */
		11244265191C43930038A204 /* TravisTest */ = {
			isa = PBXNativeTarget;
			buildConfigurationList = 11244298191C43940038A204 /* Build configuration list for PBXNativeTarget "TravisTest" */;
			buildPhases = (
				11244262191C43930038A204 /* Sources */,
				11244263191C43930038A204 /* Frameworks */,
				11244264191C43930038A204 /* Resources */,
			);
			buildRules = (
			);
			dependencies = (
			);
			name = TravisTest;
			productName = TravisTest;
			productReference = 11244266191C43930038A204 /* TravisTest.app */;
			productType = "com.apple.product-type.application";
		};
		11244286191C43930038A204 /* TravisTestTests */ = {
			isa = PBXNativeTarget;
			buildConfigurationList = 1124429B191C43940038A204 /* Build configuration list for PBXNativeTarget "TravisTestTests" */;
			buildPhases = (
				11244283191C43930038A204 /* Sources */,
				11244284191C43930038A204 /* Frameworks */,
				11244285191C43930038A204 /* Resources */,
			);
			buildRules = (
			);
			dependencies = (
				1124428D191C43930038A204 /* PBXTargetDependency */,
			);
			name = TravisTestTests;
			productName = TravisTestTests;
			productReference = 11244287191C43930038A204 /* TravisTestTests.xctest */;
			productType = "com.apple.product-type.bundle.unit-test";
		};
/* End PBXNativeTarget section */

/* Begin PBXProject section */
		1124425E191C43930038A204 /* Project object */ = {
			isa = PBXProject;
			attributes = {
				CLASSPREFIX = DDM;
				LastUpgradeCheck = 0510;
				ORGANIZATIONNAME = Doordash;
				TargetAttributes = {
					11244286191C43930038A204 = {
						TestTargetID = 11244265191C43930038A204;
					};
				};
			};
			buildConfigurationList = 11244261191C43930038A204 /* Build configuration list for PBXProject "TravisTest" */;
			compatibilityVersion = "Xcode 3.2";
			developmentRegion = English;
			hasScannedForEncodings = 0;
			knownRegions = (
				en,
				Base,
			);
			mainGroup = 1124425D191C43930038A204;
			productRefGroup = 11244267191C43930038A204 /* Products */;
			projectDirPath = "";
			projectRoot = "";
			targets = (
				11244265191C43930038A204 /* TravisTest */,
				11244286191C43930038A204 /* TravisTestTests */,
			);
		};
/* End PBXProject section */

/* Begin PBXResourcesBuildPhase section */
		11244264191C43930038A204 /* Resources */ = {
			isa = PBXResourcesBuildPhase;
			buildActionMask = 2147483647;
			files = (
				11244282191C43930038A204 /* Images.xcassets in Resources */,
				11244274191C43930038A204 /* InfoPlist.strings in Resources */,
				1124427D191C43930038A204 /* Main.storyboard in Resources */,
			);
			runOnlyForDeploymentPostprocessing = 0;
		};
		11244285191C43930038A204 /* Resources */ = {
			isa = PBXResourcesBuildPhase;
			buildActionMask = 2147483647;
			files = (
				11244293191C43930038A204 /* InfoPlist.strings in Resources */,
			);
			runOnlyForDeploymentPostprocessing = 0;
		};
/* End PBXResourcesBuildPhase section */

/* Begin PBXSourcesBuildPhase section */
		11244262191C43930038A204 /* Sources */ = {
			isa = PBXSourcesBuildPhase;
			buildActionMask = 2147483647;
			files = (
				1124427A191C43930038A204 /* DDMAppDelegate.m in Sources */,
				11244276191C43930038A204 /* main.m in Sources */,
				11244280191C43930038A204 /* DDMViewController.m in Sources */,
			);
			runOnlyForDeploymentPostprocessing = 0;
		};
		11244283191C43930038A204 /* Sources */ = {
			isa = PBXSourcesBuildPhase;
			buildActionMask = 2147483647;
			files = (
				11244295191C43930038A204 /* TravisTestTests.m in Sources */,
			);
			runOnlyForDeploymentPostprocessing = 0;
		};
/* End PBXSourcesBuildPhase section */

/* Begin PBXTargetDependency section */
		1124428D191C43930038A204 /* PBXTargetDependency */ = {
			isa = PBXTargetDependency;
			target = 11244265191C43930038A204 /* TravisTest */;
			targetProxy = 1124428C191C43930038A204 /* PBXContainerItemProxy */;
		};
/* End PBXTargetDependency section */

/* Begin PBXVariantGroup section */
		11244272191C43930038A204 /* InfoPlist.strings */ = {
			isa = PBXVariantGroup;
			children = (
				11244273191C43930038A204 /* en */,
			);
			name = InfoPlist.strings;
			sourceTree = "<group>";
		};
		1124427B191C43930038A204 /* Main.storyboard */ = {
			isa = PBXVariantGroup;
			children = (
				1124427C191C43930038A204 /* Base */,
			);
			name = Main.storyboard;
			sourceTree = "<group>";
		};
		11244291191C43930038A204 /* InfoPlist.strings */ = {
			isa = PBXVariantGroup;
			children = (
				11244292191C43930038A204 /* en */,
			);
			name = InfoPlist.strings;
			sourceTree = "<group>";
		};
/* End PBXVariantGroup section */

/* Begin XCBuildConfiguration section */
		11244296191C43940038A204 /* Debug */ = {
			isa = XCBuildConfiguration;
			buildSettings = {
				ALWAYS_SEARCH_USER_PATHS = NO;
				CLANG_CXX_LANGUAGE_STANDARD = "gnu++0x";
				CLANG_CXX_LIBRARY = "libc++";
				CLANG_ENABLE_MODULES = YES;
				CLANG_ENABLE_OBJC_ARC = YES;
				CLANG_WARN_BOOL_CONVERSION = YES;
				CLANG_WARN_CONSTANT_CONVERSION = YES;
				CLANG_WARN_DIRECT_OBJC_ISA_USAGE = YES_ERROR;
				CLANG_WARN_EMPTY_BODY = YES;
				CLANG_WARN_ENUM_CONVERSION = YES;
				CLANG_WARN_INT_CONVERSION = YES;
				CLANG_WARN_OBJC_ROOT_CLASS = YES_ERROR;
				CLANG_WARN__DUPLICATE_METHOD_MATCH = YES;
				"CODE_SIGN_IDENTITY[sdk=iphoneos*]" = "iPhone Developer";
				COPY_PHASE_STRIP = NO;
				GCC_C_LANGUAGE_STANDARD = gnu99;
				GCC_DYNAMIC_NO_PIC = NO;
				GCC_OPTIMIZATION_LEVEL = 0;
				GCC_PREPROCESSOR_DEFINITIONS = (
					"DEBUG=1",
					"$(inherited)",
				);
				GCC_SYMBOLS_PRIVATE_EXTERN = NO;
				GCC_WARN_64_TO_32_BIT_CONVERSION = YES;
				GCC_WARN_ABOUT_RETURN_TYPE = YES_ERROR;
				GCC_WARN_UNDECLARED_SELECTOR = YES;
				GCC_WARN_UNINITIALIZED_AUTOS = YES_AGGRESSIVE;
				GCC_WARN_UNUSED_FUNCTION = YES;
				GCC_WARN_UNUSED_VARIABLE = YES;
				IPHONEOS_DEPLOYMENT_TARGET = 7.1;
				ONLY_ACTIVE_ARCH = YES;
				SDKROOT = iphoneos;
				TARGETED_DEVICE_FAMILY = 2;
			};
			name = Debug;
		};
		11244297191C43940038A204 /* Release */ = {
			isa = XCBuildConfiguration;
			buildSettings = {
				ALWAYS_SEARCH_USER_PATHS = NO;
				CLANG_CXX_LANGUAGE_STANDARD = "gnu++0x";
				CLANG_CXX_LIBRARY = "libc++";
				CLANG_ENABLE_MODULES = YES;
				CLANG_ENABLE_OBJC_ARC = YES;
				CLANG_WARN_BOOL_CONVERSION = YES;
				CLANG_WARN_CONSTANT_CONVERSION = YES;
				CLANG_WARN_DIRECT_OBJC_ISA_USAGE = YES_ERROR;
				CLANG_WARN_EMPTY_BODY = YES;
				CLANG_WARN_ENUM_CONVERSION = YES;
				CLANG_WARN_INT_CONVERSION = YES;
				CLANG_WARN_OBJC_ROOT_CLASS = YES_ERROR;
				CLANG_WARN__DUPLICATE_METHOD_MATCH = YES;
				"CODE_SIGN_IDENTITY[sdk=iphoneos*]" = "iPhone Developer";
				COPY_PHASE_STRIP = YES;
				ENABLE_NS_ASSERTIONS = NO;
				GCC_C_LANGUAGE_STANDARD = gnu99;
				GCC_WARN_64_TO_32_BIT_CONVERSION = YES;
				GCC_WARN_ABOUT_RETURN_TYPE = YES_ERROR;
				GCC_WARN_UNDECLARED_SELECTOR = YES;
				GCC_WARN_UNINITIALIZED_AUTOS = YES_AGGRESSIVE;
				GCC_WARN_UNUSED_FUNCTION = YES;
				GCC_WARN_UNUSED_VARIABLE = YES;
				IPHONEOS_DEPLOYMENT_TARGET = 7.1;
				SDKROOT = iphoneos;
				TARGETED_DEVICE_FAMILY = 2;
				VALIDATE_PRODUCT = YES;
			};
			name = Release;
		};
		11244299191C43940038A204 /* Debug */ = {
			isa = XCBuildConfiguration;
			buildSettings = {
				ASSETCATALOG_COMPILER_APPICON_NAME = AppIcon;
				ASSETCATALOG_COMPILER_LAUNCHIMAGE_NAME = LaunchImage;
				GCC_PRECOMPILE_PREFIX_HEADER = YES;
				GCC_PREFIX_HEADER = "TravisTest/TravisTest-Prefix.pch";
				INFOPLIST_FILE = "TravisTest/TravisTest-Info.plist";
				PRODUCT_NAME = "$(TARGET_NAME)";
				WRAPPER_EXTENSION = app;
			};
			name = Debug;
		};
		1124429A191C43940038A204 /* Release */ = {
			isa = XCBuildConfiguration;
			buildSettings = {
				ASSETCATALOG_COMPILER_APPICON_NAME = AppIcon;
				ASSETCATALOG_COMPILER_LAUNCHIMAGE_NAME = LaunchImage;
				GCC_PRECOMPILE_PREFIX_HEADER = YES;
				GCC_PREFIX_HEADER = "TravisTest/TravisTest-Prefix.pch";
				INFOPLIST_FILE = "TravisTest/TravisTest-Info.plist";
				PRODUCT_NAME = "$(TARGET_NAME)";
				WRAPPER_EXTENSION = app;
			};
			name = Release;
		};
		1124429C191C43940038A204 /* Debug */ = {
			isa = XCBuildConfiguration;
			buildSettings = {
				BUNDLE_LOADER = "$(BUILT_PRODUCTS_DIR)/TravisTest.app/TravisTest";
				FRAMEWORK_SEARCH_PATHS = (
					"$(SDKROOT)/Developer/Library/Frameworks",
					"$(inherited)",
					"$(DEVELOPER_FRAMEWORKS_DIR)",
				);
				GCC_PRECOMPILE_PREFIX_HEADER = YES;
				GCC_PREFIX_HEADER = "TravisTest/TravisTest-Prefix.pch";
				GCC_PREPROCESSOR_DEFINITIONS = (
					"DEBUG=1",
					"$(inherited)",
				);
				INFOPLIST_FILE = "TravisTestTests/TravisTestTests-Info.plist";
				PRODUCT_NAME = "$(TARGET_NAME)";
				TEST_HOST = "$(BUNDLE_LOADER)";
				WRAPPER_EXTENSION = xctest;
			};
			name = Debug;
		};
		1124429D191C43940038A204 /* Release */ = {
			isa = XCBuildConfiguration;
			buildSettings = {
				BUNDLE_LOADER = "$(BUILT_PRODUCTS_DIR)/TravisTest.app/TravisTest";
				FRAMEWORK_SEARCH_PATHS = (
					"$(SDKROOT)/Developer/Library/Frameworks",
					"$(inherited)",
					"$(DEVELOPER_FRAMEWORKS_DIR)",
				);
				GCC_PRECOMPILE_PREFIX_HEADER = YES;
				GCC_PREFIX_HEADER = "TravisTest/TravisTest-Prefix.pch";
				INFOPLIST_FILE = "TravisTestTests/TravisTestTests-Info.plist";
				PRODUCT_NAME = "$(TARGET_NAME)";
				TEST_HOST = "$(BUNDLE_LOADER)";
				WRAPPER_EXTENSION = xctest;
			};
			name = Release;
		};
/* End XCBuildConfiguration section */

/* Begin XCConfigurationList section */
		11244261191C43930038A204 /* Build configuration list for PBXProject "TravisTest" */ = {
			isa = XCConfigurationList;
			buildConfigurations = (
				11244296191C43940038A204 /* Debug */,
				11244297191C43940038A204 /* Release */,
			);
			defaultConfigurationIsVisible = 0;
			defaultConfigurationName = Release;
		};
		11244298191C43940038A204 /* Build configuration list for PBXNativeTarget "TravisTest" */ = {
			isa = XCConfigurationList;
			buildConfigurations = (
				11244299191C43940038A204 /* Debug */,
				1124429A191C43940038A204 /* Release */,
			);
			defaultConfigurationIsVisible = 0;
		};
		1124429B191C43940038A204 /* Build configuration list for PBXNativeTarget "TravisTestTests" */ = {
			isa = XCConfigurationList;
			buildConfigurations = (
				1124429C191C43940038A204 /* Debug */,
				1124429D191C43940038A204 /* Release */,
			);
			defaultConfigurationIsVisible = 0;
		};
/* End XCConfigurationList section */
	};
	rootObject = 1124425E191C43930038A204 /* Project object */;
}
